
Microsoft Visual Studio Solution File, Format Version 12.00
# Visual Studio Version 16
VisualStudioVersion = 16.0.30516.212
MinimumVisualStudioVersion = 10.0.40219.1
Project("{FAE04EC0-301F-11D3-BF4B-00C04F79EFBC}") = "ClassLibrary1", "ClassLibrary1\ClassLibrary1.csproj", "{10D0977F-C37C-488C-ABFB-4147FB145385}"
EndProject
Global
	GlobalSection(SolutionConfigurationPlatforms) = preSolution
		Debug|Any CPU = Debug|Any CPU
		Release|Any CPU = Release|Any CPU
	EndGlobalSection
	GlobalSection(ProjectConfigurationPlatforms) = postSolution
		{10D0977F-C37C-488C-ABFB-4147FB145385}.Debug|Any CPU.ActiveCfg = Debug|Any CPU
		{10D0977F-C37C-488C-ABFB-4147FB145385}.Debug|Any CPU.Build.0 = Debug|Any CPU
		{10D0977F-C37C-488C-ABFB-4147FB145385}.Release|Any CPU.ActiveCfg = Release|Any CPU
		{10D0977F-C37C-488C-ABFB-4147FB145385}.Release|Any CPU.Build.0 = Release|Any CPU
	EndGlobalSection
	GlobalSection(SolutionProperties) = preSolution
		HideSolutionNode = FALSE
	EndGlobalSection
	GlobalSection(ExtensibilityGlobals) = postSolution
		SolutionGuid = {AD4A0E3B-8AB7-4C3A-9B03-2D08D62553B5}
	EndGlobalSection
EndGlobal
